
Microsoft Visual Studio Solution File, Format Version 12.00
# Visual Studio Version 17
VisualStudioVersion = 17.14.36221.1
MinimumVisualStudioVersion = 10.0.40219.1
Project("{FAE04EC0-301F-11D3-BF4B-00C04F79EFBC}") = "Register.Api", "Register.Api.csproj", "{F36D4653-5A4A-40FB-096F-D06805DB4072}"
EndProject
Project("{FAE04EC0-301F-11D3-BF4B-00C04F79EFBC}") = "Register.Application", "..\Register.Application\Register.Application.csproj", "{2C182338-B910-0677-1C3E-B49813D19842}"
EndProject
Project("{FAE04EC0-301F-11D3-BF4B-00C04F79EFBC}") = "Register.Domain", "..\Register.Domain\Register.Domain.csproj", "{8CAF688C-4949-A75B-503D-DAE80C556918}"
EndProject
Project("{FAE04EC0-301F-11D3-BF4B-00C04F79EFBC}") = "Register.Infrastructure", "..\Register.Infrastructure\Register.Infrastructure.csproj", "{7019BC94-E884-1AB8-5041-E5223B1C870A}"
EndProject
Project("{FAE04EC0-301F-11D3-BF4B-00C04F79EFBC}") = "Register.Test", "..\Register.Test\Register.Test.csproj", "{D018AE3E-961C-4809-8F75-797D231296CE}"
EndProject
Global
	GlobalSection(SolutionConfigurationPlatforms) = preSolution
		Debug|Any CPU = Debug|Any CPU
		Release|Any CPU = Release|Any CPU
	EndGlobalSection
	GlobalSection(ProjectConfigurationPlatforms) = postSolution
		{F36D4653-5A4A-40FB-096F-D06805DB4072}.Debug|Any CPU.ActiveCfg = Debug|Any CPU
		{F36D4653-5A4A-40FB-096F-D06805DB4072}.Debug|Any CPU.Build.0 = Debug|Any CPU
		{F36D4653-5A4A-40FB-096F-D06805DB4072}.Release|Any CPU.ActiveCfg = Release|Any CPU
		{F36D4653-5A4A-40FB-096F-D06805DB4072}.Release|Any CPU.Build.0 = Release|Any CPU
		{2C182338-B910-0677-1C3E-B49813D19842}.Debug|Any CPU.ActiveCfg = Debug|Any CPU
		{2C182338-B910-0677-1C3E-B49813D19842}.Debug|Any CPU.Build.0 = Debug|Any CPU
		{2C182338-B910-0677-1C3E-B49813D19842}.Release|Any CPU.ActiveCfg = Release|Any CPU
		{2C182338-B910-0677-1C3E-B49813D19842}.Release|Any CPU.Build.0 = Release|Any CPU
		{8CAF688C-4949-A75B-503D-DAE80C556918}.Debug|Any CPU.ActiveCfg = Debug|Any CPU
		{8CAF688C-4949-A75B-503D-DAE80C556918}.Debug|Any CPU.Build.0 = Debug|Any CPU
		{8CAF688C-4949-A75B-503D-DAE80C556918}.Release|Any CPU.ActiveCfg = Release|Any CPU
		{8CAF688C-4949-A75B-503D-DAE80C556918}.Release|Any CPU.Build.0 = Release|Any CPU
		{7019BC94-E884-1AB8-5041-E5223B1C870A}.Debug|Any CPU.ActiveCfg = Debug|Any CPU
		{7019BC94-E884-1AB8-5041-E5223B1C870A}.Debug|Any CPU.Build.0 = Debug|Any CPU
		{7019BC94-E884-1AB8-5041-E5223B1C870A}.Release|Any CPU.ActiveCfg = Release|Any CPU
		{7019BC94-E884-1AB8-5041-E5223B1C870A}.Release|Any CPU.Build.0 = Release|Any CPU
		{D018AE3E-961C-4809-8F75-797D231296CE}.Debug|Any CPU.ActiveCfg = Debug|Any CPU
		{D018AE3E-961C-4809-8F75-797D231296CE}.Debug|Any CPU.Build.0 = Debug|Any CPU
		{D018AE3E-961C-4809-8F75-797D231296CE}.Release|Any CPU.ActiveCfg = Release|Any CPU
		{D018AE3E-961C-4809-8F75-797D231296CE}.Release|Any CPU.Build.0 = Release|Any CPU
	EndGlobalSection
	GlobalSection(SolutionProperties) = preSolution
		HideSolutionNode = FALSE
	EndGlobalSection
	GlobalSection(ExtensibilityGlobals) = postSolution
		SolutionGuid = {180C1EC8-25B0-4A84-BD69-8F36F59F85EB}
	EndGlobalSection
EndGlobal
